// !$*UTF8*$!
{
	archiveVersion = 1;
	classes = {
	};
	objectVersion = 46;
	objects = {

/* Begin PBXAggregateTarget section */
		"FileLiner::FileLinerPackageTests::ProductTarget" /* FileLinerPackageTests */ = {
			isa = PBXAggregateTarget;
			buildConfigurationList = OBJ_38 /* Build configuration list for PBXAggregateTarget "FileLinerPackageTests" */;
			buildPhases = (
			);
			dependencies = (
				OBJ_41 /* PBXTargetDependency */,
			);
			name = FileLinerPackageTests;
			productName = FileLinerPackageTests;
		};
/* End PBXAggregateTarget section */

/* Begin PBXBuildFile section */
		53E8E63123D7A15000D1B804 /* TestFile.csv in CopyFiles */ = {isa = PBXBuildFile; fileRef = 53E8E62E23D7A0BD00D1B804 /* TestFile.csv */; };
		OBJ_26 /* Defaults.swift in Sources */ = {isa = PBXBuildFile; fileRef = OBJ_9 /* Defaults.swift */; };
		OBJ_27 /* FileLiner.swift in Sources */ = {isa = PBXBuildFile; fileRef = OBJ_10 /* FileLiner.swift */; };
		OBJ_28 /* FileLinerError.swift in Sources */ = {isa = PBXBuildFile; fileRef = OBJ_11 /* FileLinerError.swift */; };
		OBJ_29 /* FileLinerProtocol.swift in Sources */ = {isa = PBXBuildFile; fileRef = OBJ_12 /* FileLinerProtocol.swift */; };
		OBJ_36 /* Package.swift in Sources */ = {isa = PBXBuildFile; fileRef = OBJ_6 /* Package.swift */; };
		OBJ_47 /* FileLinerTests.swift in Sources */ = {isa = PBXBuildFile; fileRef = OBJ_15 /* FileLinerTests.swift */; };
		OBJ_48 /* XCTestManifests.swift in Sources */ = {isa = PBXBuildFile; fileRef = OBJ_16 /* XCTestManifests.swift */; };
		OBJ_50 /* FileLiner.framework in Frameworks */ = {isa = PBXBuildFile; fileRef = "FileLiner::FileLiner::Product" /* FileLiner.framework */; };
/* End PBXBuildFile section */

/* Begin PBXContainerItemProxy section */
		53E8E62C23D79E8E00D1B804 /* PBXContainerItemProxy */ = {
			isa = PBXContainerItemProxy;
			containerPortal = OBJ_1 /* Project object */;
			proxyType = 1;
			remoteGlobalIDString = "FileLiner::FileLiner";
			remoteInfo = FileLiner;
		};
		53E8E62F23D7A13200D1B804 /* PBXContainerItemProxy */ = {
			isa = PBXContainerItemProxy;
			containerPortal = OBJ_1 /* Project object */;
			proxyType = 1;
			remoteGlobalIDString = "FileLiner::FileLinerTests";
			remoteInfo = FileLinerTests;
		};
/* End PBXContainerItemProxy section */

/* Begin PBXCopyFilesBuildPhase section */
		53E8E63023D7A14900D1B804 /* CopyFiles */ = {
			isa = PBXCopyFilesBuildPhase;
			buildActionMask = 2147483647;
			dstPath = "";
			dstSubfolderSpec = 7;
			files = (
				53E8E63123D7A15000D1B804 /* TestFile.csv in CopyFiles */,
			);
			runOnlyForDeploymentPostprocessing = 0;
		};
/* End PBXCopyFilesBuildPhase section */

/* Begin PBXFileReference section */
		53E8E62E23D7A0BD00D1B804 /* TestFile.csv */ = {isa = PBXFileReference; fileEncoding = 4; lastKnownFileType = text; path = TestFile.csv; sourceTree = "<group>"; };
		"FileLiner::FileLiner::Product" /* FileLiner.framework */ = {isa = PBXFileReference; explicitFileType = wrapper.framework; path = FileLiner.framework; sourceTree = BUILT_PRODUCTS_DIR; };
		"FileLiner::FileLinerTests::Product" /* FileLinerTests.xctest */ = {isa = PBXFileReference; lastKnownFileType = file; path = FileLinerTests.xctest; sourceTree = BUILT_PRODUCTS_DIR; };
		OBJ_10 /* FileLiner.swift */ = {isa = PBXFileReference; lastKnownFileType = sourcecode.swift; path = FileLiner.swift; sourceTree = "<group>"; };
		OBJ_11 /* FileLinerError.swift */ = {isa = PBXFileReference; lastKnownFileType = sourcecode.swift; path = FileLinerError.swift; sourceTree = "<group>"; };
		OBJ_12 /* FileLinerProtocol.swift */ = {isa = PBXFileReference; lastKnownFileType = sourcecode.swift; path = FileLinerProtocol.swift; sourceTree = "<group>"; };
		OBJ_15 /* FileLinerTests.swift */ = {isa = PBXFileReference; lastKnownFileType = sourcecode.swift; path = FileLinerTests.swift; sourceTree = "<group>"; };
		OBJ_16 /* XCTestManifests.swift */ = {isa = PBXFileReference; lastKnownFileType = sourcecode.swift; path = XCTestManifests.swift; sourceTree = "<group>"; };
		OBJ_20 /* README.md */ = {isa = PBXFileReference; lastKnownFileType = net.daringfireball.markdown; path = README.md; sourceTree = "<group>"; };
		OBJ_6 /* Package.swift */ = {isa = PBXFileReference; explicitFileType = sourcecode.swift; path = Package.swift; sourceTree = "<group>"; };
		OBJ_9 /* Defaults.swift */ = {isa = PBXFileReference; lastKnownFileType = sourcecode.swift; path = Defaults.swift; sourceTree = "<group>"; };
/* End PBXFileReference section */

/* Begin PBXFrameworksBuildPhase section */
		OBJ_30 /* Frameworks */ = {
			isa = PBXFrameworksBuildPhase;
			buildActionMask = 0;
			files = (
			);
			runOnlyForDeploymentPostprocessing = 0;
		};
		OBJ_49 /* Frameworks */ = {
			isa = PBXFrameworksBuildPhase;
			buildActionMask = 0;
			files = (
				OBJ_50 /* FileLiner.framework in Frameworks */,
			);
			runOnlyForDeploymentPostprocessing = 0;
		};
/* End PBXFrameworksBuildPhase section */

/* Begin PBXGroup section */
		53E8E62D23D7A00700D1B804 /* Resources */ = {
			isa = PBXGroup;
			children = (
				53E8E62E23D7A0BD00D1B804 /* TestFile.csv */,
			);
			path = Resources;
			sourceTree = "<group>";
		};
		OBJ_13 /* Tests */ = {
			isa = PBXGroup;
			children = (
				OBJ_14 /* FileLinerTests */,
			);
			name = Tests;
			sourceTree = SOURCE_ROOT;
		};
		OBJ_14 /* FileLinerTests */ = {
			isa = PBXGroup;
			children = (
				OBJ_15 /* FileLinerTests.swift */,
				OBJ_16 /* XCTestManifests.swift */,
				53E8E62D23D7A00700D1B804 /* Resources */,
			);
			name = FileLinerTests;
			path = Tests/FileLinerTests;
			sourceTree = SOURCE_ROOT;
		};
		OBJ_17 /* Products */ = {
			isa = PBXGroup;
			children = (
				"FileLiner::FileLiner::Product" /* FileLiner.framework */,
				"FileLiner::FileLinerTests::Product" /* FileLinerTests.xctest */,
			);
			name = Products;
			sourceTree = BUILT_PRODUCTS_DIR;
		};
		OBJ_5 = {
			isa = PBXGroup;
			children = (
				OBJ_6 /* Package.swift */,
				OBJ_7 /* Sources */,
				OBJ_13 /* Tests */,
				OBJ_17 /* Products */,
				OBJ_20 /* README.md */,
			);
			sourceTree = "<group>";
		};
		OBJ_7 /* Sources */ = {
			isa = PBXGroup;
			children = (
				OBJ_8 /* FileLiner */,
			);
			name = Sources;
			sourceTree = SOURCE_ROOT;
		};
		OBJ_8 /* FileLiner */ = {
			isa = PBXGroup;
			children = (
				OBJ_9 /* Defaults.swift */,
				OBJ_10 /* FileLiner.swift */,
				OBJ_11 /* FileLinerError.swift */,
				OBJ_12 /* FileLinerProtocol.swift */,
			);
			name = FileLiner;
			path = Sources/FileLiner;
			sourceTree = SOURCE_ROOT;
		};
/* End PBXGroup section */

/* Begin PBXNativeTarget section */
		"FileLiner::FileLiner" /* FileLiner */ = {
			isa = PBXNativeTarget;
			buildConfigurationList = OBJ_22 /* Build configuration list for PBXNativeTarget "FileLiner" */;
			buildPhases = (
				OBJ_25 /* Sources */,
				OBJ_30 /* Frameworks */,
			);
			buildRules = (
			);
			dependencies = (
			);
			name = FileLiner;
			productName = FileLiner;
			productReference = "FileLiner::FileLiner::Product" /* FileLiner.framework */;
			productType = "com.apple.product-type.framework";
		};
		"FileLiner::FileLinerTests" /* FileLinerTests */ = {
			isa = PBXNativeTarget;
			buildConfigurationList = OBJ_43 /* Build configuration list for PBXNativeTarget "FileLinerTests" */;
			buildPhases = (
				OBJ_46 /* Sources */,
				OBJ_49 /* Frameworks */,
				53E8E63023D7A14900D1B804 /* CopyFiles */,
			);
			buildRules = (
			);
			dependencies = (
				OBJ_51 /* PBXTargetDependency */,
			);
			name = FileLinerTests;
			productName = FileLinerTests;
			productReference = "FileLiner::FileLinerTests::Product" /* FileLinerTests.xctest */;
			productType = "com.apple.product-type.bundle.unit-test";
		};
		"FileLiner::SwiftPMPackageDescription" /* FileLinerPackageDescription */ = {
			isa = PBXNativeTarget;
			buildConfigurationList = OBJ_32 /* Build configuration list for PBXNativeTarget "FileLinerPackageDescription" */;
			buildPhases = (
				OBJ_35 /* Sources */,
			);
			buildRules = (
			);
			dependencies = (
			);
			name = FileLinerPackageDescription;
			productName = FileLinerPackageDescription;
			productType = "com.apple.product-type.framework";
		};
/* End PBXNativeTarget section */

/* Begin PBXProject section */
		OBJ_1 /* Project object */ = {
			isa = PBXProject;
			attributes = {
				LastSwiftMigration = 9999;
				LastUpgradeCheck = 9999;
			};
			buildConfigurationList = OBJ_2 /* Build configuration list for PBXProject "FileLiner" */;
			compatibilityVersion = "Xcode 3.2";
			developmentRegion = en;
			hasScannedForEncodings = 0;
			knownRegions = (
				en,
			);
			mainGroup = OBJ_5;
			productRefGroup = OBJ_17 /* Products */;
			projectDirPath = "";
			projectRoot = "";
			targets = (
				"FileLiner::FileLiner" /* FileLiner */,
				"FileLiner::SwiftPMPackageDescription" /* FileLinerPackageDescription */,
				"FileLiner::FileLinerPackageTests::ProductTarget" /* FileLinerPackageTests */,
				"FileLiner::FileLinerTests" /* FileLinerTests */,
			);
		};
/* End PBXProject section */

/* Begin PBXSourcesBuildPhase section */
		OBJ_25 /* Sources */ = {
			isa = PBXSourcesBuildPhase;
			buildActionMask = 0;
			files = (
				OBJ_26 /* Defaults.swift in Sources */,
				OBJ_27 /* FileLiner.swift in Sources */,
				OBJ_28 /* FileLinerError.swift in Sources */,
				OBJ_29 /* FileLinerProtocol.swift in Sources */,
			);
			runOnlyForDeploymentPostprocessing = 0;
		};
		OBJ_35 /* Sources */ = {
			isa = PBXSourcesBuildPhase;
			buildActionMask = 0;
			files = (
				OBJ_36 /* Package.swift in Sources */,
			);
			runOnlyForDeploymentPostprocessing = 0;
		};
		OBJ_46 /* Sources */ = {
			isa = PBXSourcesBuildPhase;
			buildActionMask = 0;
			files = (
				OBJ_47 /* FileLinerTests.swift in Sources */,
				OBJ_48 /* XCTestManifests.swift in Sources */,
			);
			runOnlyForDeploymentPostprocessing = 0;
		};
/* End PBXSourcesBuildPhase section */

/* Begin PBXTargetDependency section */
		OBJ_41 /* PBXTargetDependency */ = {
			isa = PBXTargetDependency;
			target = "FileLiner::FileLinerTests" /* FileLinerTests */;
			targetProxy = 53E8E62F23D7A13200D1B804 /* PBXContainerItemProxy */;
		};
		OBJ_51 /* PBXTargetDependency */ = {
			isa = PBXTargetDependency;
			target = "FileLiner::FileLiner" /* FileLiner */;
			targetProxy = 53E8E62C23D79E8E00D1B804 /* PBXContainerItemProxy */;
		};
/* End PBXTargetDependency section */

/* Begin XCBuildConfiguration section */
		OBJ_23 /* Debug */ = {
			isa = XCBuildConfiguration;
			buildSettings = {
				ENABLE_TESTABILITY = YES;
				FRAMEWORK_SEARCH_PATHS = (
					"$(inherited)",
					"$(PLATFORM_DIR)/Developer/Library/Frameworks",
				);
				HEADER_SEARCH_PATHS = "$(inherited)";
				INFOPLIST_FILE = FileLiner.xcodeproj/FileLiner_Info.plist;
				IPHONEOS_DEPLOYMENT_TARGET = 8.0;
				LD_RUNPATH_SEARCH_PATHS = "$(inherited) $(TOOLCHAIN_DIR)/usr/lib/swift/macosx";
				MACOSX_DEPLOYMENT_TARGET = 10.10;
				MARKETING_VERSION = 1.0.0;
				OTHER_CFLAGS = "$(inherited)";
				OTHER_LDFLAGS = "$(inherited)";
				OTHER_SWIFT_FLAGS = "$(inherited)";
				PRODUCT_BUNDLE_IDENTIFIER = FileLiner;
				PRODUCT_MODULE_NAME = "$(TARGET_NAME:c99extidentifier)";
				PRODUCT_NAME = "$(TARGET_NAME:c99extidentifier)";
				SKIP_INSTALL = YES;
				SWIFT_ACTIVE_COMPILATION_CONDITIONS = "$(inherited)";
				SWIFT_VERSION = 5.0;
				TARGET_NAME = FileLiner;
				TVOS_DEPLOYMENT_TARGET = 9.0;
				WATCHOS_DEPLOYMENT_TARGET = 2.0;
			};
			name = Debug;
		};
		OBJ_24 /* Release */ = {
			isa = XCBuildConfiguration;
			buildSettings = {
				ENABLE_TESTABILITY = YES;
				FRAMEWORK_SEARCH_PATHS = (
					"$(inherited)",
					"$(PLATFORM_DIR)/Developer/Library/Frameworks",
				);
				HEADER_SEARCH_PATHS = "$(inherited)";
				INFOPLIST_FILE = FileLiner.xcodeproj/FileLiner_Info.plist;
				IPHONEOS_DEPLOYMENT_TARGET = 8.0;
				LD_RUNPATH_SEARCH_PATHS = "$(inherited) $(TOOLCHAIN_DIR)/usr/lib/swift/macosx";
				MACOSX_DEPLOYMENT_TARGET = 10.10;
				MARKETING_VERSION = 1.0.0;
				OTHER_CFLAGS = "$(inherited)";
				OTHER_LDFLAGS = "$(inherited)";
				OTHER_SWIFT_FLAGS = "$(inherited)";
				PRODUCT_BUNDLE_IDENTIFIER = FileLiner;
				PRODUCT_MODULE_NAME = "$(TARGET_NAME:c99extidentifier)";
				PRODUCT_NAME = "$(TARGET_NAME:c99extidentifier)";
				SKIP_INSTALL = YES;
				SWIFT_ACTIVE_COMPILATION_CONDITIONS = "$(inherited)";
				SWIFT_VERSION = 5.0;
				TARGET_NAME = FileLiner;
				TVOS_DEPLOYMENT_TARGET = 9.0;
				WATCHOS_DEPLOYMENT_TARGET = 2.0;
			};
			name = Release;
		};
		OBJ_3 /* Debug */ = {
			isa = XCBuildConfiguration;
			buildSettings = {
				CLANG_ENABLE_OBJC_ARC = YES;
				COMBINE_HIDPI_IMAGES = YES;
				COPY_PHASE_STRIP = NO;
				DEBUG_INFORMATION_FORMAT = dwarf;
				DYLIB_INSTALL_NAME_BASE = "@rpath";
				ENABLE_NS_ASSERTIONS = YES;
				GCC_OPTIMIZATION_LEVEL = 0;
				GCC_PREPROCESSOR_DEFINITIONS = (
					"$(inherited)",
					"SWIFT_PACKAGE=1",
					"DEBUG=1",
				);
				MACOSX_DEPLOYMENT_TARGET = 10.10;
				ONLY_ACTIVE_ARCH = YES;
				OTHER_SWIFT_FLAGS = "$(inherited) -DXcode";
				PRODUCT_NAME = "$(TARGET_NAME)";
				SDKROOT = macosx;
				SUPPORTED_PLATFORMS = "macosx iphoneos iphonesimulator appletvos appletvsimulator watchos watchsimulator";
				SWIFT_ACTIVE_COMPILATION_CONDITIONS = "$(inherited) SWIFT_PACKAGE DEBUG";
				SWIFT_OPTIMIZATION_LEVEL = "-Onone";
				USE_HEADERMAP = NO;
			};
			name = Debug;
		};
		OBJ_33 /* Debug */ = {
			isa = XCBuildConfiguration;
			buildSettings = {
				LD = /usr/bin/true;
				OTHER_SWIFT_FLAGS = "-swift-version 5 -I $(TOOLCHAIN_DIR)/usr/lib/swift/pm/4_2 -target x86_64-apple-macosx10.10 -sdk /Applications/Xcode.app/Contents/Developer/Platforms/MacOSX.platform/Developer/SDKs/MacOSX10.15.sdk -package-description-version 5.1";
				SWIFT_VERSION = 5.0;
			};
			name = Debug;
		};
		OBJ_34 /* Release */ = {
			isa = XCBuildConfiguration;
			buildSettings = {
				LD = /usr/bin/true;
				OTHER_SWIFT_FLAGS = "-swift-version 5 -I $(TOOLCHAIN_DIR)/usr/lib/swift/pm/4_2 -target x86_64-apple-macosx10.10 -sdk /Applications/Xcode.app/Contents/Developer/Platforms/MacOSX.platform/Developer/SDKs/MacOSX10.15.sdk -package-description-version 5.1";
				SWIFT_VERSION = 5.0;
			};
			name = Release;
		};
		OBJ_39 /* Debug */ = {
			isa = XCBuildConfiguration;
			buildSettings = {
			};
			name = Debug;
		};
		OBJ_4 /* Release */ = {
			isa = XCBuildConfiguration;
			buildSettings = {
				CLANG_ENABLE_OBJC_ARC = YES;
				COMBINE_HIDPI_IMAGES = YES;
				COPY_PHASE_STRIP = YES;
				DEBUG_INFORMATION_FORMAT = "dwarf-with-dsym";
				DYLIB_INSTALL_NAME_BASE = "@rpath";
				GCC_OPTIMIZATION_LEVEL = s;
				GCC_PREPROCESSOR_DEFINITIONS = (
					"$(inherited)",
					"SWIFT_PACKAGE=1",
				);
				MACOSX_DEPLOYMENT_TARGET = 10.10;
				OTHER_SWIFT_FLAGS = "$(inherited) -DXcode";
				PRODUCT_NAME = "$(TARGET_NAME)";
				SDKROOT = macosx;
				SUPPORTED_PLATFORMS = "macosx iphoneos iphonesimulator appletvos appletvsimulator watchos watchsimulator";
				SWIFT_ACTIVE_COMPILATION_CONDITIONS = "$(inherited) SWIFT_PACKAGE";
				SWIFT_OPTIMIZATION_LEVEL = "-Owholemodule";
				USE_HEADERMAP = NO;
			};
			name = Release;
		};
		OBJ_40 /* Release */ = {
			isa = XCBuildConfiguration;
			buildSettings = {
			};
			name = Release;
		};
		OBJ_44 /* Debug */ = {
			isa = XCBuildConfiguration;
			buildSettings = {
				CLANG_ENABLE_MODULES = YES;
				EMBEDDED_CONTENT_CONTAINS_SWIFT = YES;
				FRAMEWORK_SEARCH_PATHS = (
					"$(inherited)",
					"$(PLATFORM_DIR)/Developer/Library/Frameworks",
				);
				HEADER_SEARCH_PATHS = "$(inherited)";
				INFOPLIST_FILE = FileLiner.xcodeproj/FileLinerTests_Info.plist;
				IPHONEOS_DEPLOYMENT_TARGET = 8.0;
				LD_RUNPATH_SEARCH_PATHS = "$(inherited) @loader_path/../Frameworks @loader_path/Frameworks";
				MACOSX_DEPLOYMENT_TARGET = 10.10;
				OTHER_CFLAGS = "$(inherited)";
				OTHER_LDFLAGS = "$(inherited)";
				OTHER_SWIFT_FLAGS = "$(inherited)";
				SWIFT_ACTIVE_COMPILATION_CONDITIONS = "$(inherited)";
				SWIFT_VERSION = 5.0;
				TARGET_NAME = FileLinerTests;
				TVOS_DEPLOYMENT_TARGET = 9.0;
				WATCHOS_DEPLOYMENT_TARGET = 2.0;
			};
			name = Debug;
		};
		OBJ_45 /* Release */ = {
			isa = XCBuildConfiguration;
			buildSettings = {
				CLANG_ENABLE_MODULES = YES;
				EMBEDDED_CONTENT_CONTAINS_SWIFT = YES;
				FRAMEWORK_SEARCH_PATHS = (
					"$(inherited)",
					"$(PLATFORM_DIR)/Developer/Library/Frameworks",
				);
				HEADER_SEARCH_PATHS = "$(inherited)";
				INFOPLIST_FILE = FileLiner.xcodeproj/FileLinerTests_Info.plist;
				IPHONEOS_DEPLOYMENT_TARGET = 8.0;
				LD_RUNPATH_SEARCH_PATHS = "$(inherited) @loader_path/../Frameworks @loader_path/Frameworks";
				MACOSX_DEPLOYMENT_TARGET = 10.10;
				OTHER_CFLAGS = "$(inherited)";
				OTHER_LDFLAGS = "$(inherited)";
				OTHER_SWIFT_FLAGS = "$(inherited)";
				SWIFT_ACTIVE_COMPILATION_CONDITIONS = "$(inherited)";
				SWIFT_VERSION = 5.0;
				TARGET_NAME = FileLinerTests;
				TVOS_DEPLOYMENT_TARGET = 9.0;
				WATCHOS_DEPLOYMENT_TARGET = 2.0;
			};
			name = Release;
		};
/* End XCBuildConfiguration section */

/* Begin XCConfigurationList section */
		OBJ_2 /* Build configuration list for PBXProject "FileLiner" */ = {
			isa = XCConfigurationList;
			buildConfigurations = (
				OBJ_3 /* Debug */,
				OBJ_4 /* Release */,
			);
			defaultConfigurationIsVisible = 0;
			defaultConfigurationName = Release;
		};
		OBJ_22 /* Build configuration list for PBXNativeTarget "FileLiner" */ = {
			isa = XCConfigurationList;
			buildConfigurations = (
				OBJ_23 /* Debug */,
				OBJ_24 /* Release */,
			);
			defaultConfigurationIsVisible = 0;
			defaultConfigurationName = Release;
		};
		OBJ_32 /* Build configuration list for PBXNativeTarget "FileLinerPackageDescription" */ = {
			isa = XCConfigurationList;
			buildConfigurations = (
				OBJ_33 /* Debug */,
				OBJ_34 /* Release */,
			);
			defaultConfigurationIsVisible = 0;
			defaultConfigurationName = Release;
		};
		OBJ_38 /* Build configuration list for PBXAggregateTarget "FileLinerPackageTests" */ = {
			isa = XCConfigurationList;
			buildConfigurations = (
				OBJ_39 /* Debug */,
				OBJ_40 /* Release */,
			);
			defaultConfigurationIsVisible = 0;
			defaultConfigurationName = Release;
		};
		OBJ_43 /* Build configuration list for PBXNativeTarget "FileLinerTests" */ = {
			isa = XCConfigurationList;
			buildConfigurations = (
				OBJ_44 /* Debug */,
				OBJ_45 /* Release */,
			);
			defaultConfigurationIsVisible = 0;
			defaultConfigurationName = Release;
		};
/* End XCConfigurationList section */
	};
	rootObject = OBJ_1 /* Project object */;
}
